
Microsoft Visual Studio Solution File, Format Version 12.00
# Visual Studio 15
VisualStudioVersion = 15.0.28307.902
MinimumVisualStudioVersion = 10.0.40219.1
Project("{F184B08F-C81C-45F6-A57F-5ABD9991F28F}") = "Lab12", "Lab12\Lab12.vbproj", "{D0745A5D-3CA4-4362-9041-2E76323476EB}"
EndProject
Global
	GlobalSection(SolutionConfigurationPlatforms) = preSolution
		Debug|Any CPU = Debug|Any CPU
		Release|Any CPU = Release|Any CPU
	EndGlobalSection
	GlobalSection(ProjectConfigurationPlatforms) = postSolution
		{D0745A5D-3CA4-4362-9041-2E76323476EB}.Debug|Any CPU.ActiveCfg = Debug|Any CPU
		{D0745A5D-3CA4-4362-9041-2E76323476EB}.Debug|Any CPU.Build.0 = Debug|Any CPU
		{D0745A5D-3CA4-4362-9041-2E76323476EB}.Release|Any CPU.ActiveCfg = Release|Any CPU
		{D0745A5D-3CA4-4362-9041-2E76323476EB}.Release|Any CPU.Build.0 = Release|Any CPU
	EndGlobalSection
	GlobalSection(SolutionProperties) = preSolution
		HideSolutionNode = FALSE
	EndGlobalSection
	GlobalSection(ExtensibilityGlobals) = postSolution
		SolutionGuid = {998DF2EB-B774-4E24-97DD-D5661F0357C2}
	EndGlobalSection
EndGlobal
